
Microsoft Visual Studio Solution File, Format Version 12.00
# Visual Studio Version 17
VisualStudioVersion = 17.3.32901.215
MinimumVisualStudioVersion = 10.0.40219.1
Project("{FAE04EC0-301F-11D3-BF4B-00C04F79EFBC}") = "MechArena_WinForms", "MechArena_WinForms\MechArena_WinForms.csproj", "{DA9E2D3A-AB9D-460E-9BA5-347957F4ECA7}"
EndProject
Global
	GlobalSection(SolutionConfigurationPlatforms) = preSolution
		Debug|Any CPU = Debug|Any CPU
		Release|Any CPU = Release|Any CPU
	EndGlobalSection
	GlobalSection(ProjectConfigurationPlatforms) = postSolution
		{DA9E2D3A-AB9D-460E-9BA5-347957F4ECA7}.Debug|Any CPU.ActiveCfg = Debug|Any CPU
		{DA9E2D3A-AB9D-460E-9BA5-347957F4ECA7}.Debug|Any CPU.Build.0 = Debug|Any CPU
		{DA9E2D3A-AB9D-460E-9BA5-347957F4ECA7}.Release|Any CPU.ActiveCfg = Release|Any CPU
		{DA9E2D3A-AB9D-460E-9BA5-347957F4ECA7}.Release|Any CPU.Build.0 = Release|Any CPU
	EndGlobalSection
	GlobalSection(SolutionProperties) = preSolution
		HideSolutionNode = FALSE
	EndGlobalSection
	GlobalSection(ExtensibilityGlobals) = postSolution
		SolutionGuid = {CCB945CD-98E7-4FA3-A299-CEF9074619FC}
	EndGlobalSection
EndGlobal
